
Microsoft Visual Studio Solution File, Format Version 12.00
# Visual Studio 14
VisualStudioVersion = 14.0.24720.0
MinimumVisualStudioVersion = 10.0.40219.1
Project("{FAE04EC0-301F-11D3-BF4B-00C04F79EFBC}") = "UnitTestProject", "UnitTestProject\UnitTestProject.csproj", "{8DCFAE58-2FD1-46A5-B3CF-02E174320796}"
EndProject
Project("{FAE04EC0-301F-11D3-BF4B-00C04F79EFBC}") = "Hydrophones", "Hydrophones\Hydrophones.csproj", "{CD41A8D9-3D67-4309-9D21-A2A0D97886A6}"
EndProject
Project("{FAE04EC0-301F-11D3-BF4B-00C04F79EFBC}") = "UserInterface", "UserInterface\UserInterface.csproj", "{6CE6A27E-78B0-4411-8E52-400AA83A060B}"
EndProject
Global
	GlobalSection(SolutionConfigurationPlatforms) = preSolution
		Debug|Any CPU = Debug|Any CPU
		Release|Any CPU = Release|Any CPU
	EndGlobalSection
	GlobalSection(ProjectConfigurationPlatforms) = postSolution
		{8DCFAE58-2FD1-46A5-B3CF-02E174320796}.Debug|Any CPU.ActiveCfg = Debug|Any CPU
		{8DCFAE58-2FD1-46A5-B3CF-02E174320796}.Debug|Any CPU.Build.0 = Debug|Any CPU
		{8DCFAE58-2FD1-46A5-B3CF-02E174320796}.Release|Any CPU.ActiveCfg = Release|Any CPU
		{8DCFAE58-2FD1-46A5-B3CF-02E174320796}.Release|Any CPU.Build.0 = Release|Any CPU
		{CD41A8D9-3D67-4309-9D21-A2A0D97886A6}.Debug|Any CPU.ActiveCfg = Debug|Any CPU
		{CD41A8D9-3D67-4309-9D21-A2A0D97886A6}.Debug|Any CPU.Build.0 = Debug|Any CPU
		{CD41A8D9-3D67-4309-9D21-A2A0D97886A6}.Release|Any CPU.ActiveCfg = Release|Any CPU
		{CD41A8D9-3D67-4309-9D21-A2A0D97886A6}.Release|Any CPU.Build.0 = Release|Any CPU
		{6CE6A27E-78B0-4411-8E52-400AA83A060B}.Debug|Any CPU.ActiveCfg = Debug|Any CPU
		{6CE6A27E-78B0-4411-8E52-400AA83A060B}.Debug|Any CPU.Build.0 = Debug|Any CPU
		{6CE6A27E-78B0-4411-8E52-400AA83A060B}.Release|Any CPU.ActiveCfg = Release|Any CPU
		{6CE6A27E-78B0-4411-8E52-400AA83A060B}.Release|Any CPU.Build.0 = Release|Any CPU
	EndGlobalSection
	GlobalSection(SolutionProperties) = preSolution
		HideSolutionNode = FALSE
	EndGlobalSection
EndGlobal
